
Microsoft Visual Studio Solution File, Format Version 12.00
# Visual Studio Version 17
VisualStudioVersion = 17.7.34031.279
MinimumVisualStudioVersion = 10.0.40219.1
Project("{FAE04EC0-301F-11D3-BF4B-00C04F79EFBC}") = "TPMoraCapdevila1", "TPMoraCapdevila1\TPMoraCapdevila1.csproj", "{55C8EA40-450E-4A8C-AE59-3AFA16727D3A}"
EndProject
Global
	GlobalSection(SolutionConfigurationPlatforms) = preSolution
		Debug|Any CPU = Debug|Any CPU
		Release|Any CPU = Release|Any CPU
	EndGlobalSection
	GlobalSection(ProjectConfigurationPlatforms) = postSolution
		{55C8EA40-450E-4A8C-AE59-3AFA16727D3A}.Debug|Any CPU.ActiveCfg = Debug|Any CPU
		{55C8EA40-450E-4A8C-AE59-3AFA16727D3A}.Debug|Any CPU.Build.0 = Debug|Any CPU
		{55C8EA40-450E-4A8C-AE59-3AFA16727D3A}.Release|Any CPU.ActiveCfg = Release|Any CPU
		{55C8EA40-450E-4A8C-AE59-3AFA16727D3A}.Release|Any CPU.Build.0 = Release|Any CPU
	EndGlobalSection
	GlobalSection(SolutionProperties) = preSolution
		HideSolutionNode = FALSE
	EndGlobalSection
	GlobalSection(ExtensibilityGlobals) = postSolution
		SolutionGuid = {48E5356C-09E1-466C-BCF9-2E9A39664845}
	EndGlobalSection
EndGlobal
